<?xml version="1.0" encoding="utf-8"?>
<Project ToolsVersion="4.0" xmlns="http://schemas.microsoft.com/developer/msbuild/2003">
  <ItemGroup>
    <Filter Include="Source Files">
      <UniqueIdentifier>{4FC737F1-C7A5-4376-A066-2A32D752A2FF}</UniqueIdentifier>
      <Extensions>cpp;c;cc;cxx;c++;cppm;ixx;def;odl;idl;hpj;bat;asm;asmx</Extensions>
    </Filter>
    <Filter Include="Header Files">
      <UniqueIdentifier>{93995380-89BD-4b04-88EB-625FBE52EBFB}</UniqueIdentifier>
      <Extensions>h;hh;hpp;hxx;h++;hm;inl;inc;ipp;xsd</Extensions>
    </Filter>
    <Filter Include="Header Files\Header Only">
      <UniqueIdentifier>{30325a40-7bd9-4b95-b7f8-251cba2cf2e8}</UniqueIdentifier>
    </Filter>
    <Filter Include="Third Party Libraries">
      <UniqueIdentifier>{7f73c530-801f-4d21-86eb-0fa6fba70103}</UniqueIdentifier>
    </Filter>
    <Filter Include="Textures">
      <UniqueIdentifier>{9e817d74-fa85-4115-99f5-e67ad1510358}</UniqueIdentifier>
    </Filter>
    <Filter Include="Shaders">
      <UniqueIdentifier>{67DA6AB6-F800-4c08-8B7A-83BB121AAD01}</UniqueIdentifier>
      <Extensions>rc;ico;cur;bmp;dlg;rc2;rct;bin;rgs;gif;jpg;jpeg;jpe;resx;tiff;tif;png;wav;mfcribbon-ms</Extensions>
    </Filter>
    <Filter Include="Header Files\Not Header Only%28Have Source Files%29">
      <UniqueIdentifier>{69374c84-2023-4af9-a81e-f42f2c67d6b8}</UniqueIdentifier>
    </Filter>
    <Filter Include="Source Files\ImGUI">
      <UniqueIdentifier>{5a706ede-5dc0-433f-94e4-b0b2f19df2f9}</UniqueIdentifier>
    </Filter>
  </ItemGroup>
  <ItemGroup>
    <ClCompile Include="main.cpp">
      <Filter>Source Files</Filter>
    </ClCompile>
    <ClCompile Include="Chrono.cpp">
      <Filter>Source Files</Filter>
    </ClCompile>
    <ClCompile Include="swapchain.cpp">
      <Filter>Source Files</Filter>
    </ClCompile>
    <ClCompile Include="texture.cpp">
      <Filter>Source Files</Filter>
    </ClCompile>
    <ClCompile Include="helper.cpp">
      <Filter>Source Files</Filter>
    </ClCompile>
    <ClCompile Include="validation.cpp">
      <Filter>Source Files</Filter>
    </ClCompile>
    <ClCompile Include="buffers.cpp">
      <Filter>Source Files</Filter>
    </ClCompile>
    <ClCompile Include="swapchain.hpp">
      <Filter>Header Files\Not Header Only%28Have Source Files%29</Filter>
    </ClCompile>
    <ClCompile Include="device.cpp">
      <Filter>Source Files</Filter>
    </ClCompile>
    <ClCompile Include="shape.cpp">
      <Filter>Source Files</Filter>
    </ClCompile>
    <ClCompile Include="imgui\imgui.cpp">
      <Filter>Source Files\ImGUI</Filter>
    </ClCompile>
    <ClCompile Include="imgui\imgui_demo.cpp">
      <Filter>Source Files\ImGUI</Filter>
    </ClCompile>
    <ClCompile Include="imgui\imgui_draw.cpp">
      <Filter>Source Files\ImGUI</Filter>
    </ClCompile>
    <ClCompile Include="imgui\imgui_tables.cpp">
      <Filter>Source Files\ImGUI</Filter>
    </ClCompile>
    <ClCompile Include="imgui\imgui_widgets.cpp">
      <Filter>Source Files\ImGUI</Filter>
    </ClCompile>
    <ClCompile Include="imgui\backends\imgui_impl_glfw.cpp">
      <Filter>Source Files\ImGUI</Filter>
    </ClCompile>
    <ClCompile Include="imgui\backends\imgui_impl_vulkan.cpp">
      <Filter>Source Files\ImGUI</Filter>
    </ClCompile>
  </ItemGroup>
  <ItemGroup>
    <ClInclude Include="vulkaninit.hpp">
      <Filter>Header Files\Header Only</Filter>
    </ClInclude>
    <ClInclude Include="buffers.hpp">
      <Filter>Header Files\Not Header Only%28Have Source Files%29</Filter>
    </ClInclude>
    <ClInclude Include="chrono.hpp">
      <Filter>Header Files\Not Header Only%28Have Source Files%29</Filter>
    </ClInclude>
    <ClInclude Include="helper.hpp">
      <Filter>Header Files\Not Header Only%28Have Source Files%29</Filter>
    </ClInclude>
    <ClInclude Include="shape.hpp">
      <Filter>Header Files\Not Header Only%28Have Source Files%29</Filter>
    </ClInclude>
    <ClInclude Include="texture.hpp">
      <Filter>Header Files\Not Header Only%28Have Source Files%29</Filter>
    </ClInclude>
    <ClInclude Include="validation.hpp">
      <Filter>Header Files\Not Header Only%28Have Source Files%29</Filter>
    </ClInclude>
    <ClInclude Include="Vertex.hpp">
      <Filter>Header Files\Not Header Only%28Have Source Files%29</Filter>
    </ClInclude>
    <ClInclude Include="stb_image.h">
      <Filter>Third Party Libraries</Filter>
    </ClInclude>
    <ClInclude Include="device.hpp">
      <Filter>Header Files\Not Header Only%28Have Source Files%29</Filter>
    </ClInclude>
  </ItemGroup>
  <ItemGroup>
    <None Include="shader.vert">
      <Filter>Shaders</Filter>
    </None>
    <None Include="shader.frag">
      <Filter>Shaders</Filter>
    </None>
    <None Include="frag.spv">
      <Filter>Shaders</Filter>
    </None>
    <None Include="vert.spv">
      <Filter>Shaders</Filter>
    </None>
    <None Include="compile.bat">
      <Filter>Shaders</Filter>
    </None>
    <None Include="circle.vert">
      <Filter>Shaders</Filter>
    </None>
    <None Include="circle.frag" />
    <None Include="circle_frag.spv">
      <Filter>Shaders</Filter>
    </None>
    <None Include="circle_vert.spv">
      <Filter>Shaders</Filter>
    </None>
  </ItemGroup>
  <ItemGroup>
    <Image Include="texture.jpg">
      <Filter>Textures</Filter>
    </Image>
  </ItemGroup>
</Project>